
Microsoft Visual Studio Solution File, Format Version 12.00
# Visual Studio 2013
VisualStudioVersion = 12.0.40629.0
MinimumVisualStudioVersion = 10.0.40219.1
Project("{8BC9CEB8-8B4A-11D0-8D11-00A0C91BC942}") = "NonDivisibleSubset", "NonDivisibleSubset.vcxproj", "{ACDA9121-17C6-4E26-B51D-17B64646F36F}"
EndProject
Global
	GlobalSection(SolutionConfigurationPlatforms) = preSolution
		Debug|Win32 = Debug|Win32
		Release|Win32 = Release|Win32
	EndGlobalSection
	GlobalSection(ProjectConfigurationPlatforms) = postSolution
		{ACDA9121-17C6-4E26-B51D-17B64646F36F}.Debug|Win32.ActiveCfg = Debug|Win32
		{ACDA9121-17C6-4E26-B51D-17B64646F36F}.Debug|Win32.Build.0 = Debug|Win32
		{ACDA9121-17C6-4E26-B51D-17B64646F36F}.Release|Win32.ActiveCfg = Release|Win32
		{ACDA9121-17C6-4E26-B51D-17B64646F36F}.Release|Win32.Build.0 = Release|Win32
	EndGlobalSection
	GlobalSection(SolutionProperties) = preSolution
		HideSolutionNode = FALSE
	EndGlobalSection
EndGlobal
